// !$*UTF8*$!
{
	archiveVersion = 1;
	classes = {
	};
	objectVersion = 48;
	objects = {

/* Begin PBXBuildFile section */
		1608426F1FD73EF700FB6C78 /* AppDelegate.swift in Sources */ = {isa = PBXBuildFile; fileRef = 1608426E1FD73EF700FB6C78 /* AppDelegate.swift */; };
		160842711FD73EF700FB6C78 /* art.scnassets in Resources */ = {isa = PBXBuildFile; fileRef = 160842701FD73EF700FB6C78 /* art.scnassets */; };
		160842731FD73EF700FB6C78 /* ViewController.swift in Sources */ = {isa = PBXBuildFile; fileRef = 160842721FD73EF700FB6C78 /* ViewController.swift */; };
		160842761FD73EF700FB6C78 /* Main.storyboard in Resources */ = {isa = PBXBuildFile; fileRef = 160842741FD73EF700FB6C78 /* Main.storyboard */; };
		160842781FD73EF700FB6C78 /* Assets.xcassets in Resources */ = {isa = PBXBuildFile; fileRef = 160842771FD73EF700FB6C78 /* Assets.xcassets */; };
		1608427B1FD73EF700FB6C78 /* LaunchScreen.storyboard in Resources */ = {isa = PBXBuildFile; fileRef = 160842791FD73EF700FB6C78 /* LaunchScreen.storyboard */; };
/* End PBXBuildFile section */

/* Begin PBXFileReference section */
		1608426B1FD73EF700FB6C78 /* MoveBlock.app */ = {isa = PBXFileReference; explicitFileType = wrapper.application; includeInIndex = 0; path = MoveBlock.app; sourceTree = BUILT_PRODUCTS_DIR; };
		1608426E1FD73EF700FB6C78 /* AppDelegate.swift */ = {isa = PBXFileReference; lastKnownFileType = sourcecode.swift; path = AppDelegate.swift; sourceTree = "<group>"; };
		160842701FD73EF700FB6C78 /* art.scnassets */ = {isa = PBXFileReference; lastKnownFileType = wrapper.scnassets; path = art.scnassets; sourceTree = "<group>"; };
		160842721FD73EF700FB6C78 /* ViewController.swift */ = {isa = PBXFileReference; lastKnownFileType = sourcecode.swift; path = ViewController.swift; sourceTree = "<group>"; };
		160842751FD73EF700FB6C78 /* Base */ = {isa = PBXFileReference; lastKnownFileType = file.storyboard; name = Base; path = Base.lproj/Main.storyboard; sourceTree = "<group>"; };
		160842771FD73EF700FB6C78 /* Assets.xcassets */ = {isa = PBXFileReference; lastKnownFileType = folder.assetcatalog; path = Assets.xcassets; sourceTree = "<group>"; };
		1608427A1FD73EF700FB6C78 /* Base */ = {isa = PBXFileReference; lastKnownFileType = file.storyboard; name = Base; path = Base.lproj/LaunchScreen.storyboard; sourceTree = "<group>"; };
		1608427C1FD73EF700FB6C78 /* Info.plist */ = {isa = PBXFileReference; lastKnownFileType = text.plist.xml; path = Info.plist; sourceTree = "<group>"; };
/* End PBXFileReference section */

/* Begin PBXFrameworksBuildPhase section */
		160842681FD73EF700FB6C78 /* Frameworks */ = {
			isa = PBXFrameworksBuildPhase;
			buildActionMask = 2147483647;
			files = (
			);
			runOnlyForDeploymentPostprocessing = 0;
		};
/* End PBXFrameworksBuildPhase section */

/* Begin PBXGroup section */
		160842621FD73EF700FB6C78 = {
			isa = PBXGroup;
			children = (
				1608426D1FD73EF700FB6C78 /* MoveBlock */,
				1608426C1FD73EF700FB6C78 /* Products */,
			);
			sourceTree = "<group>";
		};
		1608426C1FD73EF700FB6C78 /* Products */ = {
			isa = PBXGroup;
			children = (
				1608426B1FD73EF700FB6C78 /* MoveBlock.app */,
			);
			name = Products;
			sourceTree = "<group>";
		};
		1608426D1FD73EF700FB6C78 /* MoveBlock */ = {
			isa = PBXGroup;
			children = (
				1608426E1FD73EF700FB6C78 /* AppDelegate.swift */,
				160842701FD73EF700FB6C78 /* art.scnassets */,
				160842721FD73EF700FB6C78 /* ViewController.swift */,
				160842741FD73EF700FB6C78 /* Main.storyboard */,
				160842771FD73EF700FB6C78 /* Assets.xcassets */,
				160842791FD73EF700FB6C78 /* LaunchScreen.storyboard */,
				1608427C1FD73EF700FB6C78 /* Info.plist */,
			);
			path = MoveBlock;
			sourceTree = "<group>";
		};
/* End PBXGroup section */

/* Begin PBXNativeTarget section */
		1608426A1FD73EF700FB6C78 /* MoveBlock */ = {
			isa = PBXNativeTarget;
			buildConfigurationList = 1608427F1FD73EF700FB6C78 /* Build configuration list for PBXNativeTarget "MoveBlock" */;
			buildPhases = (
				160842671FD73EF700FB6C78 /* Sources */,
				160842681FD73EF700FB6C78 /* Frameworks */,
				160842691FD73EF700FB6C78 /* Resources */,
			);
			buildRules = (
			);
			dependencies = (
			);
			name = MoveBlock;
			productName = MoveBlock;
			productReference = 1608426B1FD73EF700FB6C78 /* MoveBlock.app */;
			productType = "com.apple.product-type.application";
		};
/* End PBXNativeTarget section */

/* Begin PBXProject section */
		160842631FD73EF700FB6C78 /* Project object */ = {
			isa = PBXProject;
			attributes = {
				LastSwiftUpdateCheck = 0910;
				LastUpgradeCheck = 0910;
				ORGANIZATIONNAME = "Ryan Wittrup";
				TargetAttributes = {
					1608426A1FD73EF700FB6C78 = {
						CreatedOnToolsVersion = 9.1;
						ProvisioningStyle = Automatic;
					};
				};
			};
			buildConfigurationList = 160842661FD73EF700FB6C78 /* Build configuration list for PBXProject "MoveBlock" */;
			compatibilityVersion = "Xcode 8.0";
			developmentRegion = en;
			hasScannedForEncodings = 0;
			knownRegions = (
				en,
				Base,
			);
			mainGroup = 160842621FD73EF700FB6C78;
			productRefGroup = 1608426C1FD73EF700FB6C78 /* Products */;
			projectDirPath = "";
			projectRoot = "";
			targets = (
				1608426A1FD73EF700FB6C78 /* MoveBlock */,
			);
		};
/* End PBXProject section */

/* Begin PBXResourcesBuildPhase section */
		160842691FD73EF700FB6C78 /* Resources */ = {
			isa = PBXResourcesBuildPhase;
			buildActionMask = 2147483647;
			files = (
				160842711FD73EF700FB6C78 /* art.scnassets in Resources */,
				1608427B1FD73EF700FB6C78 /* LaunchScreen.storyboard in Resources */,
				160842781FD73EF700FB6C78 /* Assets.xcassets in Resources */,
				160842761FD73EF700FB6C78 /* Main.storyboard in Resources */,
			);
			runOnlyForDeploymentPostprocessing = 0;
		};
/* End PBXResourcesBuildPhase section */

/* Begin PBXSourcesBuildPhase section */
		160842671FD73EF700FB6C78 /* Sources */ = {
			isa = PBXSourcesBuildPhase;
			buildActionMask = 2147483647;
			files = (
				160842731FD73EF700FB6C78 /* ViewController.swift in Sources */,
				1608426F1FD73EF700FB6C78 /* AppDelegate.swift in Sources */,
			);
			runOnlyForDeploymentPostprocessing = 0;
		};
/* End PBXSourcesBuildPhase section */

/* Begin PBXVariantGroup section */
		160842741FD73EF700FB6C78 /* Main.storyboard */ = {
			isa = PBXVariantGroup;
			children = (
				160842751FD73EF700FB6C78 /* Base */,
			);
			name = Main.storyboard;
			sourceTree = "<group>";
		};
		160842791FD73EF700FB6C78 /* LaunchScreen.storyboard */ = {
			isa = PBXVariantGroup;
			children = (
				1608427A1FD73EF700FB6C78 /* Base */,
			);
			name = LaunchScreen.storyboard;
			sourceTree = "<group>";
		};
/* End PBXVariantGroup section */

/* Begin XCBuildConfiguration section */
		1608427D1FD73EF700FB6C78 /* Debug */ = {
			isa = XCBuildConfiguration;
			buildSettings = {
				ALWAYS_SEARCH_USER_PATHS = NO;
				CLANG_ANALYZER_NONNULL = YES;
				CLANG_ANALYZER_NUMBER_OBJECT_CONVERSION = YES_AGGRESSIVE;
				CLANG_CXX_LANGUAGE_STANDARD = "gnu++14";
				CLANG_CXX_LIBRARY = "libc++";
				CLANG_ENABLE_MODULES = YES;
				CLANG_ENABLE_OBJC_ARC = YES;
				CLANG_WARN_BLOCK_CAPTURE_AUTORELEASING = YES;
				CLANG_WARN_BOOL_CONVERSION = YES;
				CLANG_WARN_COMMA = YES;
				CLANG_WARN_CONSTANT_CONVERSION = YES;
				CLANG_WARN_DIRECT_OBJC_ISA_USAGE = YES_ERROR;
				CLANG_WARN_DOCUMENTATION_COMMENTS = YES;
				CLANG_WARN_EMPTY_BODY = YES;
				CLANG_WARN_ENUM_CONVERSION = YES;
				CLANG_WARN_INFINITE_RECURSION = YES;
				CLANG_WARN_INT_CONVERSION = YES;
				CLANG_WARN_NON_LITERAL_NULL_CONVERSION = YES;
				CLANG_WARN_OBJC_LITERAL_CONVERSION = YES;
				CLANG_WARN_OBJC_ROOT_CLASS = YES_ERROR;
				CLANG_WARN_RANGE_LOOP_ANALYSIS = YES;
				CLANG_WARN_STRICT_PROTOTYPES = YES;
				CLANG_WARN_SUSPICIOUS_MOVE = YES;
				CLANG_WARN_UNGUARDED_AVAILABILITY = YES_AGGRESSIVE;
				CLANG_WARN_UNREACHABLE_CODE = YES;
				CLANG_WARN__DUPLICATE_METHOD_MATCH = YES;
				CODE_SIGN_IDENTITY = "iPhone Developer";
				COPY_PHASE_STRIP = NO;
				DEBUG_INFORMATION_FORMAT = dwarf;
				ENABLE_STRICT_OBJC_MSGSEND = YES;
				ENABLE_TESTABILITY = YES;
				GCC_C_LANGUAGE_STANDARD = gnu11;
				GCC_DYNAMIC_NO_PIC = NO;
				GCC_NO_COMMON_BLOCKS = YES;
				GCC_OPTIMIZATION_LEVEL = 0;
				GCC_PREPROCESSOR_DEFINITIONS = (
					"DEBUG=1",
					"$(inherited)",
				);
				GCC_WARN_64_TO_32_BIT_CONVERSION = YES;
				GCC_WARN_ABOUT_RETURN_TYPE = YES_ERROR;
				GCC_WARN_UNDECLARED_SELECTOR = YES;
				GCC_WARN_UNINITIALIZED_AUTOS = YES_AGGRESSIVE;
				GCC_WARN_UNUSED_FUNCTION = YES;
				GCC_WARN_UNUSED_VARIABLE = YES;
				IPHONEOS_DEPLOYMENT_TARGET = 11.1;
				MTL_ENABLE_DEBUG_INFO = YES;
				ONLY_ACTIVE_ARCH = YES;
				SDKROOT = iphoneos;
				SWIFT_ACTIVE_COMPILATION_CONDITIONS = DEBUG;
				SWIFT_OPTIMIZATION_LEVEL = "-Onone";
			};
			name = Debug;
		};
		1608427E1FD73EF700FB6C78 /* Release */ = {
			isa = XCBuildConfiguration;
			buildSettings = {
				ALWAYS_SEARCH_USER_PATHS = NO;
				CLANG_ANALYZER_NONNULL = YES;
				CLANG_ANALYZER_NUMBER_OBJECT_CONVERSION = YES_AGGRESSIVE;
				CLANG_CXX_LANGUAGE_STANDARD = "gnu++14";
				CLANG_CXX_LIBRARY = "libc++";
				CLANG_ENABLE_MODULES = YES;
				CLANG_ENABLE_OBJC_ARC = YES;
				CLANG_WARN_BLOCK_CAPTURE_AUTORELEASING = YES;
				CLANG_WARN_BOOL_CONVERSION = YES;
				CLANG_WARN_COMMA = YES;
				CLANG_WARN_CONSTANT_CONVERSION = YES;
				CLANG_WARN_DIRECT_OBJC_ISA_USAGE = YES_ERROR;
				CLANG_WARN_DOCUMENTATION_COMMENTS = YES;
				CLANG_WARN_EMPTY_BODY = YES;
				CLANG_WARN_ENUM_CONVERSION = YES;
				CLANG_WARN_INFINITE_RECURSION = YES;
				CLANG_WARN_INT_CONVERSION = YES;
				CLANG_WARN_NON_LITERAL_NULL_CONVERSION = YES;
				CLANG_WARN_OBJC_LITERAL_CONVERSION = YES;
				CLANG_WARN_OBJC_ROOT_CLASS = YES_ERROR;
				CLANG_WARN_RANGE_LOOP_ANALYSIS = YES;
				CLANG_WARN_STRICT_PROTOTYPES = YES;
				CLANG_WARN_SUSPICIOUS_MOVE = YES;
				CLANG_WARN_UNGUARDED_AVAILABILITY = YES_AGGRESSIVE;
				CLANG_WARN_UNREACHABLE_CODE = YES;
				CLANG_WARN__DUPLICATE_METHOD_MATCH = YES;
				CODE_SIGN_IDENTITY = "iPhone Developer";
				COPY_PHASE_STRIP = NO;
				DEBUG_INFORMATION_FORMAT = "dwarf-with-dsym";
				ENABLE_NS_ASSERTIONS = NO;
				ENABLE_STRICT_OBJC_MSGSEND = YES;
				GCC_C_LANGUAGE_STANDARD = gnu11;
				GCC_NO_COMMON_BLOCKS = YES;
				GCC_WARN_64_TO_32_BIT_CONVERSION = YES;
				GCC_WARN_ABOUT_RETURN_TYPE = YES_ERROR;
				GCC_WARN_UNDECLARED_SELECTOR = YES;
				GCC_WARN_UNINITIALIZED_AUTOS = YES_AGGRESSIVE;
				GCC_WARN_UNUSED_FUNCTION = YES;
				GCC_WARN_UNUSED_VARIABLE = YES;
				IPHONEOS_DEPLOYMENT_TARGET = 11.1;
				MTL_ENABLE_DEBUG_INFO = NO;
				SDKROOT = iphoneos;
				SWIFT_OPTIMIZATION_LEVEL = "-Owholemodule";
				VALIDATE_PRODUCT = YES;
			};
			name = Release;
		};
		160842801FD73EF700FB6C78 /* Debug */ = {
			isa = XCBuildConfiguration;
			buildSettings = {
				ASSETCATALOG_COMPILER_APPICON_NAME = AppIcon;
				CODE_SIGN_STYLE = Automatic;
				DEVELOPMENT_TEAM = 47GDWEFLEB;
				INFOPLIST_FILE = MoveBlock/Info.plist;
				LD_RUNPATH_SEARCH_PATHS = "$(inherited) @executable_path/Frameworks";
				PRODUCT_BUNDLE_IDENTIFIER = com.ryanwittrup.MoveBlock;
				PRODUCT_NAME = "$(TARGET_NAME)";
				SWIFT_VERSION = 4.0;
				TARGETED_DEVICE_FAMILY = "1,2";
			};
			name = Debug;
		};
		160842811FD73EF700FB6C78 /* Release */ = {
			isa = XCBuildConfiguration;
			buildSettings = {
				ASSETCATALOG_COMPILER_APPICON_NAME = AppIcon;
				CODE_SIGN_STYLE = Automatic;
				DEVELOPMENT_TEAM = 47GDWEFLEB;
				INFOPLIST_FILE = MoveBlock/Info.plist;
				LD_RUNPATH_SEARCH_PATHS = "$(inherited) @executable_path/Frameworks";
				PRODUCT_BUNDLE_IDENTIFIER = com.ryanwittrup.MoveBlock;
				PRODUCT_NAME = "$(TARGET_NAME)";
				SWIFT_VERSION = 4.0;
				TARGETED_DEVICE_FAMILY = "1,2";
			};
			name = Release;
		};
/* End XCBuildConfiguration section */

/* Begin XCConfigurationList section */
		160842661FD73EF700FB6C78 /* Build configuration list for PBXProject "MoveBlock" */ = {
			isa = XCConfigurationList;
			buildConfigurations = (
				1608427D1FD73EF700FB6C78 /* Debug */,
				1608427E1FD73EF700FB6C78 /* Release */,
			);
			defaultConfigurationIsVisible = 0;
			defaultConfigurationName = Release;
		};
		1608427F1FD73EF700FB6C78 /* Build configuration list for PBXNativeTarget "MoveBlock" */ = {
			isa = XCConfigurationList;
			buildConfigurations = (
				160842801FD73EF700FB6C78 /* Debug */,
				160842811FD73EF700FB6C78 /* Release */,
			);
			defaultConfigurationIsVisible = 0;
			defaultConfigurationName = Release;
		};
/* End XCConfigurationList section */
	};
	rootObject = 160842631FD73EF700FB6C78 /* Project object */;
}
